
Microsoft Visual Studio Solution File, Format Version 12.00
# Visual Studio Version 17
VisualStudioVersion = 17.11.35312.102
MinimumVisualStudioVersion = 10.0.40219.1
Project("{8BC9CEB8-8B4A-11D0-8D11-00A0C91BC942}") = "First Project", "First Project\First Project.vcxproj", "{643CDCB2-08FB-460C-8098-F13ADEEB628B}"
EndProject
Global
	GlobalSection(SolutionConfigurationPlatforms) = preSolution
		Debug|x64 = Debug|x64
		Debug|x86 = Debug|x86
		Release|x64 = Release|x64
		Release|x86 = Release|x86
	EndGlobalSection
	GlobalSection(ProjectConfigurationPlatforms) = postSolution
		{643CDCB2-08FB-460C-8098-F13ADEEB628B}.Debug|x64.ActiveCfg = Debug|x64
		{643CDCB2-08FB-460C-8098-F13ADEEB628B}.Debug|x64.Build.0 = Debug|x64
		{643CDCB2-08FB-460C-8098-F13ADEEB628B}.Debug|x86.ActiveCfg = Debug|Win32
		{643CDCB2-08FB-460C-8098-F13ADEEB628B}.Debug|x86.Build.0 = Debug|Win32
		{643CDCB2-08FB-460C-8098-F13ADEEB628B}.Release|x64.ActiveCfg = Release|x64
		{643CDCB2-08FB-460C-8098-F13ADEEB628B}.Release|x64.Build.0 = Release|x64
		{643CDCB2-08FB-460C-8098-F13ADEEB628B}.Release|x86.ActiveCfg = Release|Win32
		{643CDCB2-08FB-460C-8098-F13ADEEB628B}.Release|x86.Build.0 = Release|Win32
	EndGlobalSection
	GlobalSection(SolutionProperties) = preSolution
		HideSolutionNode = FALSE
	EndGlobalSection
	GlobalSection(ExtensibilityGlobals) = postSolution
		SolutionGuid = {336264FC-875B-444B-A59D-381028F31790}
	EndGlobalSection
EndGlobal
